
Microsoft Visual Studio Solution File, Format Version 12.00
# Visual Studio 2013
VisualStudioVersion = 12.0.31101.0
MinimumVisualStudioVersion = 10.0.40219.1
Project("{FAE04EC0-301F-11D3-BF4B-00C04F79EFBC}") = "Checkers.Test", "Checkers.Test\Checkers.Test.csproj", "{9E4E033F-F66C-4C20-98D3-11007D676DA1}"
EndProject
Project("{FAE04EC0-301F-11D3-BF4B-00C04F79EFBC}") = "Checkers.Model", "Checkers.Model\Checkers.Model.csproj", "{F1AC6BE4-66FC-4379-B10A-A6DBC0FBABFB}"
EndProject
Project("{FAE04EC0-301F-11D3-BF4B-00C04F79EFBC}") = "Checkers", "Checkers\Checkers.csproj", "{7D255BC3-54CF-418D-979F-C8D2BB648A42}"
EndProject
Global
	GlobalSection(SolutionConfigurationPlatforms) = preSolution
		Debug|Any CPU = Debug|Any CPU
		Release|Any CPU = Release|Any CPU
	EndGlobalSection
	GlobalSection(ProjectConfigurationPlatforms) = postSolution
		{9E4E033F-F66C-4C20-98D3-11007D676DA1}.Debug|Any CPU.ActiveCfg = Debug|Any CPU
		{9E4E033F-F66C-4C20-98D3-11007D676DA1}.Debug|Any CPU.Build.0 = Debug|Any CPU
		{9E4E033F-F66C-4C20-98D3-11007D676DA1}.Release|Any CPU.ActiveCfg = Release|Any CPU
		{9E4E033F-F66C-4C20-98D3-11007D676DA1}.Release|Any CPU.Build.0 = Release|Any CPU
		{F1AC6BE4-66FC-4379-B10A-A6DBC0FBABFB}.Debug|Any CPU.ActiveCfg = Debug|Any CPU
		{F1AC6BE4-66FC-4379-B10A-A6DBC0FBABFB}.Debug|Any CPU.Build.0 = Debug|Any CPU
		{F1AC6BE4-66FC-4379-B10A-A6DBC0FBABFB}.Release|Any CPU.ActiveCfg = Release|Any CPU
		{F1AC6BE4-66FC-4379-B10A-A6DBC0FBABFB}.Release|Any CPU.Build.0 = Release|Any CPU
		{7D255BC3-54CF-418D-979F-C8D2BB648A42}.Debug|Any CPU.ActiveCfg = Debug|Any CPU
		{7D255BC3-54CF-418D-979F-C8D2BB648A42}.Debug|Any CPU.Build.0 = Debug|Any CPU
		{7D255BC3-54CF-418D-979F-C8D2BB648A42}.Release|Any CPU.ActiveCfg = Release|Any CPU
		{7D255BC3-54CF-418D-979F-C8D2BB648A42}.Release|Any CPU.Build.0 = Release|Any CPU
	EndGlobalSection
	GlobalSection(SolutionProperties) = preSolution
		HideSolutionNode = FALSE
	EndGlobalSection
EndGlobal
